
Microsoft Visual Studio Solution File, Format Version 12.00
# Visual Studio 2012
Project("{FAE04EC0-301F-11D3-BF4B-00C04F79EFBC}") = "ZOOLOGICO", "ZOOLOGICO\ZOOLOGICO.csproj", "{3A066F7A-7B23-49C3-9F76-B4E53BE012E7}"
EndProject
Global
	GlobalSection(SolutionConfigurationPlatforms) = preSolution
		Debug|Any CPU = Debug|Any CPU
		Release|Any CPU = Release|Any CPU
	EndGlobalSection
	GlobalSection(ProjectConfigurationPlatforms) = postSolution
		{3A066F7A-7B23-49C3-9F76-B4E53BE012E7}.Debug|Any CPU.ActiveCfg = Debug|Any CPU
		{3A066F7A-7B23-49C3-9F76-B4E53BE012E7}.Debug|Any CPU.Build.0 = Debug|Any CPU
		{3A066F7A-7B23-49C3-9F76-B4E53BE012E7}.Release|Any CPU.ActiveCfg = Release|Any CPU
		{3A066F7A-7B23-49C3-9F76-B4E53BE012E7}.Release|Any CPU.Build.0 = Release|Any CPU
	EndGlobalSection
	GlobalSection(SolutionProperties) = preSolution
		HideSolutionNode = FALSE
	EndGlobalSection
EndGlobal
