
Microsoft Visual Studio Solution File, Format Version 12.00
# Visual Studio 2012
Project("{FAE04EC0-301F-11D3-BF4B-00C04F79EFBC}") = "chekbox", "chekbox\chekbox.csproj", "{DF9316EF-8FEC-49BC-BF25-1CEEA644D233}"
EndProject
Global
	GlobalSection(SolutionConfigurationPlatforms) = preSolution
		Debug|Any CPU = Debug|Any CPU
		Release|Any CPU = Release|Any CPU
	EndGlobalSection
	GlobalSection(ProjectConfigurationPlatforms) = postSolution
		{DF9316EF-8FEC-49BC-BF25-1CEEA644D233}.Debug|Any CPU.ActiveCfg = Debug|Any CPU
		{DF9316EF-8FEC-49BC-BF25-1CEEA644D233}.Debug|Any CPU.Build.0 = Debug|Any CPU
		{DF9316EF-8FEC-49BC-BF25-1CEEA644D233}.Release|Any CPU.ActiveCfg = Release|Any CPU
		{DF9316EF-8FEC-49BC-BF25-1CEEA644D233}.Release|Any CPU.Build.0 = Release|Any CPU
	EndGlobalSection
	GlobalSection(SolutionProperties) = preSolution
		HideSolutionNode = FALSE
	EndGlobalSection
EndGlobal
